
Microsoft Visual Studio Solution File, Format Version 12.00
# Visual Studio Version 17
VisualStudioVersion = 17.5.002.0
MinimumVisualStudioVersion = 10.0.40219.1
Project("{9A19103F-16F7-4668-BE54-9A1E7A4F7556}") = "BYSProje", "BYSProje\BYSProje.csproj", "{3D0CEC2B-7CE8-4824-A228-5F0938E6D24C}"
EndProject
Global
	GlobalSection(SolutionConfigurationPlatforms) = preSolution
		Debug|Any CPU = Debug|Any CPU
		Release|Any CPU = Release|Any CPU
	EndGlobalSection
	GlobalSection(ProjectConfigurationPlatforms) = postSolution
		{3D0CEC2B-7CE8-4824-A228-5F0938E6D24C}.Debug|Any CPU.ActiveCfg = Debug|Any CPU
		{3D0CEC2B-7CE8-4824-A228-5F0938E6D24C}.Debug|Any CPU.Build.0 = Debug|Any CPU
		{3D0CEC2B-7CE8-4824-A228-5F0938E6D24C}.Release|Any CPU.ActiveCfg = Release|Any CPU
		{3D0CEC2B-7CE8-4824-A228-5F0938E6D24C}.Release|Any CPU.Build.0 = Release|Any CPU
	EndGlobalSection
	GlobalSection(SolutionProperties) = preSolution
		HideSolutionNode = FALSE
	EndGlobalSection
	GlobalSection(ExtensibilityGlobals) = postSolution
		SolutionGuid = {CBC5C0C6-F743-451F-90C3-A6BA5A02093C}
	EndGlobalSection
EndGlobal
